
Microsoft Visual Studio Solution File, Format Version 12.00
# Visual Studio Version 17
VisualStudioVersion = 17.9.34714.143
MinimumVisualStudioVersion = 10.0.40219.1
Project("{2150E333-8FDC-42A3-9474-1A3956D46DE8}") = "Core", "Core", "{6E1117AB-AF04-4FB7-8A89-03453F3794C9}"
EndProject
Project("{9A19103F-16F7-4668-BE54-9A1E7A4F7556}") = "BookCar.Domain", "Core\BookCar.Domain\BookCar.Domain.csproj", "{00691F2A-F1B9-419F-8241-9AF5B1F664E8}"
EndProject
Project("{2150E333-8FDC-42A3-9474-1A3956D46DE8}") = "Infrastructure", "Infrastructure", "{CA57CF1E-208B-4889-8329-61772F794C67}"
EndProject
Project("{2150E333-8FDC-42A3-9474-1A3956D46DE8}") = "Presentation", "Presentation", "{66018985-3AD6-4F0D-9B57-6B8D2A06088F}"
EndProject
Project("{9A19103F-16F7-4668-BE54-9A1E7A4F7556}") = "BookCar.Persistance", "Infrastructure\BookCar.Persistance\BookCar.Persistance.csproj", "{49BE0290-1EB4-4F67-921D-CA1743EDE2A0}"
EndProject
Project("{FAE04EC0-301F-11D3-BF4B-00C04F79EFBC}") = "BookCar.API", "Presentation\BookCar.API\BookCar.API.csproj", "{222A7839-A1C9-47A7-8846-4CD548FEC6AD}"
EndProject
Project("{FAE04EC0-301F-11D3-BF4B-00C04F79EFBC}") = "BookCar.Application", "Core\BookCar.Application\BookCar.Application.csproj", "{C6A8E26B-F9DC-4B8F-A61F-2FB1E241D65A}"
EndProject
Global
	GlobalSection(SolutionConfigurationPlatforms) = preSolution
		Debug|Any CPU = Debug|Any CPU
		Release|Any CPU = Release|Any CPU
	EndGlobalSection
	GlobalSection(ProjectConfigurationPlatforms) = postSolution
		{00691F2A-F1B9-419F-8241-9AF5B1F664E8}.Debug|Any CPU.ActiveCfg = Debug|Any CPU
		{00691F2A-F1B9-419F-8241-9AF5B1F664E8}.Debug|Any CPU.Build.0 = Debug|Any CPU
		{00691F2A-F1B9-419F-8241-9AF5B1F664E8}.Release|Any CPU.ActiveCfg = Release|Any CPU
		{00691F2A-F1B9-419F-8241-9AF5B1F664E8}.Release|Any CPU.Build.0 = Release|Any CPU
		{49BE0290-1EB4-4F67-921D-CA1743EDE2A0}.Debug|Any CPU.ActiveCfg = Debug|Any CPU
		{49BE0290-1EB4-4F67-921D-CA1743EDE2A0}.Debug|Any CPU.Build.0 = Debug|Any CPU
		{49BE0290-1EB4-4F67-921D-CA1743EDE2A0}.Release|Any CPU.ActiveCfg = Release|Any CPU
		{49BE0290-1EB4-4F67-921D-CA1743EDE2A0}.Release|Any CPU.Build.0 = Release|Any CPU
		{222A7839-A1C9-47A7-8846-4CD548FEC6AD}.Debug|Any CPU.ActiveCfg = Debug|Any CPU
		{222A7839-A1C9-47A7-8846-4CD548FEC6AD}.Debug|Any CPU.Build.0 = Debug|Any CPU
		{222A7839-A1C9-47A7-8846-4CD548FEC6AD}.Release|Any CPU.ActiveCfg = Release|Any CPU
		{222A7839-A1C9-47A7-8846-4CD548FEC6AD}.Release|Any CPU.Build.0 = Release|Any CPU
		{C6A8E26B-F9DC-4B8F-A61F-2FB1E241D65A}.Debug|Any CPU.ActiveCfg = Debug|Any CPU
		{C6A8E26B-F9DC-4B8F-A61F-2FB1E241D65A}.Debug|Any CPU.Build.0 = Debug|Any CPU
		{C6A8E26B-F9DC-4B8F-A61F-2FB1E241D65A}.Release|Any CPU.ActiveCfg = Release|Any CPU
		{C6A8E26B-F9DC-4B8F-A61F-2FB1E241D65A}.Release|Any CPU.Build.0 = Release|Any CPU
	EndGlobalSection
	GlobalSection(SolutionProperties) = preSolution
		HideSolutionNode = FALSE
	EndGlobalSection
	GlobalSection(NestedProjects) = preSolution
		{00691F2A-F1B9-419F-8241-9AF5B1F664E8} = {6E1117AB-AF04-4FB7-8A89-03453F3794C9}
		{49BE0290-1EB4-4F67-921D-CA1743EDE2A0} = {CA57CF1E-208B-4889-8329-61772F794C67}
		{222A7839-A1C9-47A7-8846-4CD548FEC6AD} = {66018985-3AD6-4F0D-9B57-6B8D2A06088F}
		{C6A8E26B-F9DC-4B8F-A61F-2FB1E241D65A} = {6E1117AB-AF04-4FB7-8A89-03453F3794C9}
	EndGlobalSection
	GlobalSection(ExtensibilityGlobals) = postSolution
		SolutionGuid = {A80667EF-DF75-4E7A-B187-4B4855E131FD}
	EndGlobalSection
EndGlobal
